dependencies:
- name: ingress-nginx
  repository: https://kubernetes.github.io/ingress-nginx
  version: 4.13.0
- name: cert-manager
  repository: https://charts.jetstack.io
  version: v1.18.2
- name: metrics-server
  repository: https://kubernetes-sigs.github.io/metrics-server
  version: 3.12.2
- name: alloy
  repository: https://grafana.github.io/helm-charts
  version: 1.1.2
- name: loki
  repository: https://grafana.github.io/helm-charts
  version: 6.31.0
digest: sha256:25d9deb5f325fa0a0ab5a91e11e7f8e41c1d0a8039a24e33a556e79b91c78be6
generated: "2025-07-12T10:02:30.793050976Z"
