dependencies:
- name: ingress-nginx
  repository: https://kubernetes.github.io/ingress-nginx
  version: 4.13.0
- name: cert-manager
  repository: https://charts.jetstack.io
  version: v1.18.2
- name: metrics-server
  repository: https://kubernetes-sigs.github.io/metrics-server
  version: 3.12.2
- name: alloy
  repository: https://grafana.github.io/helm-charts
  version: 1.2.0
- name: loki
  repository: https://grafana.github.io/helm-charts
  version: 6.31.0
digest: sha256:c0a46dac515aba7d3c0139a43814eb9f4612adec3d0069a93039d753a8eba44a
generated: "2025-08-01T22:27:40.427797901Z"
