dependencies:
- name: ingress-nginx
  repository: https://kubernetes.github.io/ingress-nginx
  version: 4.12.1
- name: cert-manager
  repository: https://charts.jetstack.io
  version: v1.17.1
- name: metrics-server
  repository: https://kubernetes-sigs.github.io/metrics-server
  version: 3.12.2
- name: alloy
  repository: https://grafana.github.io/helm-charts
  version: 1.0.1
- name: loki
  repository: https://grafana.github.io/helm-charts
  version: 6.29.0
digest: sha256:29faef8ab81c5fc4370dadf6afb14fc19402151502c02e8dd375fc8541a4a642
generated: "2025-04-16T18:29:46.180842274Z"
